name: update-flake-lock

on:
  workflow_dispatch: # allows manual triggering
  schedule:
    - cron: "0 0 2 * *"

jobs:
  lockfile:
    runs-on: ubuntu-latest
    steps:
      - name: Checkout repository
        uses: actions/checkout@v6
      - name: Update flake.lock
        uses: DeterminateSystems/update-flake-lock@main
        with:
          inputs: rust-overlay advisory-db
